
Microsoft Visual Studio Solution File, Format Version 12.00
# Visual Studio 15
VisualStudioVersion = 15.0.28307.572
MinimumVisualStudioVersion = 10.0.40219.1
Project("{FAE04EC0-301F-11D3-BF4B-00C04F79EFBC}") = "TalentOnboardingTaskMadhu", "TalentOnboardingTaskMadhu\TalentOnboardingTaskMadhu.csproj", "{0FD566A9-AFF5-4B38-A04E-4BA7F3D15181}"
EndProject
Global
	GlobalSection(SolutionConfigurationPlatforms) = preSolution
		Debug|Any CPU = Debug|Any CPU
		Release|Any CPU = Release|Any CPU
	EndGlobalSection
	GlobalSection(ProjectConfigurationPlatforms) = postSolution
		{0FD566A9-AFF5-4B38-A04E-4BA7F3D15181}.Debug|Any CPU.ActiveCfg = Debug|Any CPU
		{0FD566A9-AFF5-4B38-A04E-4BA7F3D15181}.Debug|Any CPU.Build.0 = Debug|Any CPU
		{0FD566A9-AFF5-4B38-A04E-4BA7F3D15181}.Release|Any CPU.ActiveCfg = Release|Any CPU
		{0FD566A9-AFF5-4B38-A04E-4BA7F3D15181}.Release|Any CPU.Build.0 = Release|Any CPU
	EndGlobalSection
	GlobalSection(SolutionProperties) = preSolution
		HideSolutionNode = FALSE
	EndGlobalSection
	GlobalSection(ExtensibilityGlobals) = postSolution
		SolutionGuid = {BB8DCBC0-38E6-4813-BA84-72B8A3A144B4}
	EndGlobalSection
EndGlobal
